// !$*UTF8*$!
{
	archiveVersion = 1;
	classes = {
	};
	objectVersion = 56;
	objects = {

/* Begin PBXBuildFile section */
		3E16237D2ACDE4E3006D6727 /* AppDelegate.swift in Sources */ = {isa = PBXBuildFile; fileRef = 3E16237C2ACDE4E3006D6727 /* AppDelegate.swift */; };
		3E16237F2ACDE4E3006D6727 /* SceneDelegate.swift in Sources */ = {isa = PBXBuildFile; fileRef = 3E16237E2ACDE4E3006D6727 /* SceneDelegate.swift */; };
		3E1623812ACDE4E3006D6727 /* ViewController.swift in Sources */ = {isa = PBXBuildFile; fileRef = 3E1623802ACDE4E3006D6727 /* ViewController.swift */; };
		3E1623842ACDE4E3006D6727 /* Main.storyboard in Resources */ = {isa = PBXBuildFile; fileRef = 3E1623822ACDE4E3006D6727 /* Main.storyboard */; };
		3E1623862ACDE4E4006D6727 /* Assets.xcassets in Resources */ = {isa = PBXBuildFile; fileRef = 3E1623852ACDE4E4006D6727 /* Assets.xcassets */; };
		3E1623892ACDE4E4006D6727 /* LaunchScreen.storyboard in Resources */ = {isa = PBXBuildFile; fileRef = 3E1623872ACDE4E4006D6727 /* LaunchScreen.storyboard */; };
		3E1623922ACDE551006D6727 /* Swinject in Frameworks */ = {isa = PBXBuildFile; productRef = 3E1623912ACDE551006D6727 /* Swinject */; };
		3E1623942ACDE551006D6727 /* Swinject-Dynamic in Frameworks */ = {isa = PBXBuildFile; productRef = 3E1623932ACDE551006D6727 /* Swinject-Dynamic */; };
		3E1623962ACDECE4006D6727 /* BackgtoundProviderProtocol.swift in Sources */ = {isa = PBXBuildFile; fileRef = 3E1623952ACDECE4006D6727 /* BackgtoundProviderProtocol.swift */; };
		3E1623982ACDED43006D6727 /* BackgroundProvidingClass.swift in Sources */ = {isa = PBXBuildFile; fileRef = 3E1623972ACDED43006D6727 /* BackgroundProvidingClass.swift */; };
		3E16239A2ACDEDF5006D6727 /* AnotherVC.swift in Sources */ = {isa = PBXBuildFile; fileRef = 3E1623992ACDEDF5006D6727 /* AnotherVC.swift */; };
/* End PBXBuildFile section */

/* Begin PBXFileReference section */
		3E1623792ACDE4E3006D6727 /* SwiftDependencyInjection.app */ = {isa = PBXFileReference; explicitFileType = wrapper.application; includeInIndex = 0; path = SwiftDependencyInjection.app; sourceTree = BUILT_PRODUCTS_DIR; };
		3E16237C2ACDE4E3006D6727 /* AppDelegate.swift */ = {isa = PBXFileReference; lastKnownFileType = sourcecode.swift; path = AppDelegate.swift; sourceTree = "<group>"; };
		3E16237E2ACDE4E3006D6727 /* SceneDelegate.swift */ = {isa = PBXFileReference; lastKnownFileType = sourcecode.swift; path = SceneDelegate.swift; sourceTree = "<group>"; };
		3E1623802ACDE4E3006D6727 /* ViewController.swift */ = {isa = PBXFileReference; lastKnownFileType = sourcecode.swift; path = ViewController.swift; sourceTree = "<group>"; };
		3E1623832ACDE4E3006D6727 /* Base */ = {isa = PBXFileReference; lastKnownFileType = file.storyboard; name = Base; path = Base.lproj/Main.storyboard; sourceTree = "<group>"; };
		3E1623852ACDE4E4006D6727 /* Assets.xcassets */ = {isa = PBXFileReference; lastKnownFileType = folder.assetcatalog; path = Assets.xcassets; sourceTree = "<group>"; };
		3E1623882ACDE4E4006D6727 /* Base */ = {isa = PBXFileReference; lastKnownFileType = file.storyboard; name = Base; path = Base.lproj/LaunchScreen.storyboard; sourceTree = "<group>"; };
		3E16238A2ACDE4E4006D6727 /* Info.plist */ = {isa = PBXFileReference; lastKnownFileType = text.plist.xml; path = Info.plist; sourceTree = "<group>"; };
		3E1623952ACDECE4006D6727 /* BackgtoundProviderProtocol.swift */ = {isa = PBXFileReference; lastKnownFileType = sourcecode.swift; path = BackgtoundProviderProtocol.swift; sourceTree = "<group>"; };
		3E1623972ACDED43006D6727 /* BackgroundProvidingClass.swift */ = {isa = PBXFileReference; lastKnownFileType = sourcecode.swift; path = BackgroundProvidingClass.swift; sourceTree = "<group>"; };
		3E1623992ACDEDF5006D6727 /* AnotherVC.swift */ = {isa = PBXFileReference; lastKnownFileType = sourcecode.swift; path = AnotherVC.swift; sourceTree = "<group>"; };
/* End PBXFileReference section */

/* Begin PBXFrameworksBuildPhase section */
		3E1623762ACDE4E3006D6727 /* Frameworks */ = {
			isa = PBXFrameworksBuildPhase;
			buildActionMask = 2147483647;
			files = (
				3E1623922ACDE551006D6727 /* Swinject in Frameworks */,
				3E1623942ACDE551006D6727 /* Swinject-Dynamic in Frameworks */,
			);
			runOnlyForDeploymentPostprocessing = 0;
		};
/* End PBXFrameworksBuildPhase section */

/* Begin PBXGroup section */
		3E1623702ACDE4E3006D6727 = {
			isa = PBXGroup;
			children = (
				3E16237B2ACDE4E3006D6727 /* SwiftDependencyInjection */,
				3E16237A2ACDE4E3006D6727 /* Products */,
			);
			sourceTree = "<group>";
		};
		3E16237A2ACDE4E3006D6727 /* Products */ = {
			isa = PBXGroup;
			children = (
				3E1623792ACDE4E3006D6727 /* SwiftDependencyInjection.app */,
			);
			name = Products;
			sourceTree = "<group>";
		};
		3E16237B2ACDE4E3006D6727 /* SwiftDependencyInjection */ = {
			isa = PBXGroup;
			children = (
				3E16237C2ACDE4E3006D6727 /* AppDelegate.swift */,
				3E16237E2ACDE4E3006D6727 /* SceneDelegate.swift */,
				3E1623802ACDE4E3006D6727 /* ViewController.swift */,
				3E1623822ACDE4E3006D6727 /* Main.storyboard */,
				3E1623852ACDE4E4006D6727 /* Assets.xcassets */,
				3E1623872ACDE4E4006D6727 /* LaunchScreen.storyboard */,
				3E16238A2ACDE4E4006D6727 /* Info.plist */,
				3E1623952ACDECE4006D6727 /* BackgtoundProviderProtocol.swift */,
				3E1623972ACDED43006D6727 /* BackgroundProvidingClass.swift */,
				3E1623992ACDEDF5006D6727 /* AnotherVC.swift */,
			);
			path = SwiftDependencyInjection;
			sourceTree = "<group>";
		};
/* End PBXGroup section */

/* Begin PBXNativeTarget section */
		3E1623782ACDE4E3006D6727 /* SwiftDependencyInjection */ = {
			isa = PBXNativeTarget;
			buildConfigurationList = 3E16238D2ACDE4E4006D6727 /* Build configuration list for PBXNativeTarget "SwiftDependencyInjection" */;
			buildPhases = (
				3E1623752ACDE4E3006D6727 /* Sources */,
				3E1623762ACDE4E3006D6727 /* Frameworks */,
				3E1623772ACDE4E3006D6727 /* Resources */,
			);
			buildRules = (
			);
			dependencies = (
			);
			name = SwiftDependencyInjection;
			packageProductDependencies = (
				3E1623912ACDE551006D6727 /* Swinject */,
				3E1623932ACDE551006D6727 /* Swinject-Dynamic */,
			);
			productName = SwiftDependencyInjection;
			productReference = 3E1623792ACDE4E3006D6727 /* SwiftDependencyInjection.app */;
			productType = "com.apple.product-type.application";
		};
/* End PBXNativeTarget section */

/* Begin PBXProject section */
		3E1623712ACDE4E3006D6727 /* Project object */ = {
			isa = PBXProject;
			attributes = {
				BuildIndependentTargetsInParallel = 1;
				LastSwiftUpdateCheck = 1500;
				LastUpgradeCheck = 1500;
				TargetAttributes = {
					3E1623782ACDE4E3006D6727 = {
						CreatedOnToolsVersion = 15.0;
					};
				};
			};
			buildConfigurationList = 3E1623742ACDE4E3006D6727 /* Build configuration list for PBXProject "SwiftDependencyInjection" */;
			compatibilityVersion = "Xcode 14.0";
			developmentRegion = en;
			hasScannedForEncodings = 0;
			knownRegions = (
				en,
				Base,
			);
			mainGroup = 3E1623702ACDE4E3006D6727;
			packageReferences = (
				3E1623902ACDE551006D6727 /* XCRemoteSwiftPackageReference "Swinject" */,
			);
			productRefGroup = 3E16237A2ACDE4E3006D6727 /* Products */;
			projectDirPath = "";
			projectRoot = "";
			targets = (
				3E1623782ACDE4E3006D6727 /* SwiftDependencyInjection */,
			);
		};
/* End PBXProject section */

/* Begin PBXResourcesBuildPhase section */
		3E1623772ACDE4E3006D6727 /* Resources */ = {
			isa = PBXResourcesBuildPhase;
			buildActionMask = 2147483647;
			files = (
				3E1623892ACDE4E4006D6727 /* LaunchScreen.storyboard in Resources */,
				3E1623862ACDE4E4006D6727 /* Assets.xcassets in Resources */,
				3E1623842ACDE4E3006D6727 /* Main.storyboard in Resources */,
			);
			runOnlyForDeploymentPostprocessing = 0;
		};
/* End PBXResourcesBuildPhase section */

/* Begin PBXSourcesBuildPhase section */
		3E1623752ACDE4E3006D6727 /* Sources */ = {
			isa = PBXSourcesBuildPhase;
			buildActionMask = 2147483647;
			files = (
				3E1623962ACDECE4006D6727 /* BackgtoundProviderProtocol.swift in Sources */,
				3E1623812ACDE4E3006D6727 /* ViewController.swift in Sources */,
				3E16237D2ACDE4E3006D6727 /* AppDelegate.swift in Sources */,
				3E16239A2ACDEDF5006D6727 /* AnotherVC.swift in Sources */,
				3E1623982ACDED43006D6727 /* BackgroundProvidingClass.swift in Sources */,
				3E16237F2ACDE4E3006D6727 /* SceneDelegate.swift in Sources */,
			);
			runOnlyForDeploymentPostprocessing = 0;
		};
/* End PBXSourcesBuildPhase section */

/* Begin PBXVariantGroup section */
		3E1623822ACDE4E3006D6727 /* Main.storyboard */ = {
			isa = PBXVariantGroup;
			children = (
				3E1623832ACDE4E3006D6727 /* Base */,
			);
			name = Main.storyboard;
			sourceTree = "<group>";
		};
		3E1623872ACDE4E4006D6727 /* LaunchScreen.storyboard */ = {
			isa = PBXVariantGroup;
			children = (
				3E1623882ACDE4E4006D6727 /* Base */,
			);
			name = LaunchScreen.storyboard;
			sourceTree = "<group>";
		};
/* End PBXVariantGroup section */

/* Begin XCBuildConfiguration section */
		3E16238B2ACDE4E4006D6727 /* Debug */ = {
			isa = XCBuildConfiguration;
			buildSettings = {
				ALWAYS_SEARCH_USER_PATHS = NO;
				ASSETCATALOG_COMPILER_GENERATE_SWIFT_ASSET_SYMBOL_EXTENSIONS = YES;
				CLANG_ANALYZER_NONNULL = YES;
				CLANG_ANALYZER_NUMBER_OBJECT_CONVERSION = YES_AGGRESSIVE;
				CLANG_CXX_LANGUAGE_STANDARD = "gnu++20";
				CLANG_ENABLE_MODULES = YES;
				CLANG_ENABLE_OBJC_ARC = YES;
				CLANG_ENABLE_OBJC_WEAK = YES;
				CLANG_WARN_BLOCK_CAPTURE_AUTORELEASING = YES;
				CLANG_WARN_BOOL_CONVERSION = YES;
				CLANG_WARN_COMMA = YES;
				CLANG_WARN_CONSTANT_CONVERSION = YES;
				CLANG_WARN_DEPRECATED_OBJC_IMPLEMENTATIONS = YES;
				CLANG_WARN_DIRECT_OBJC_ISA_USAGE = YES_ERROR;
				CLANG_WARN_DOCUMENTATION_COMMENTS = YES;
				CLANG_WARN_EMPTY_BODY = YES;
				CLANG_WARN_ENUM_CONVERSION = YES;
				CLANG_WARN_INFINITE_RECURSION = YES;
				CLANG_WARN_INT_CONVERSION = YES;
				CLANG_WARN_NON_LITERAL_NULL_CONVERSION = YES;
				CLANG_WARN_OBJC_IMPLICIT_RETAIN_SELF = YES;
				CLANG_WARN_OBJC_LITERAL_CONVERSION = YES;
				CLANG_WARN_OBJC_ROOT_CLASS = YES_ERROR;
				CLANG_WARN_QUOTED_INCLUDE_IN_FRAMEWORK_HEADER = YES;
				CLANG_WARN_RANGE_LOOP_ANALYSIS = YES;
				CLANG_WARN_STRICT_PROTOTYPES = YES;
				CLANG_WARN_SUSPICIOUS_MOVE = YES;
				CLANG_WARN_UNGUARDED_AVAILABILITY = YES_AGGRESSIVE;
				CLANG_WARN_UNREACHABLE_CODE = YES;
				CLANG_WARN__DUPLICATE_METHOD_MATCH = YES;
				COPY_PHASE_STRIP = NO;
				DEBUG_INFORMATION_FORMAT = dwarf;
				ENABLE_STRICT_OBJC_MSGSEND = YES;
				ENABLE_TESTABILITY = YES;
				ENABLE_USER_SCRIPT_SANDBOXING = YES;
				GCC_C_LANGUAGE_STANDARD = gnu17;
				GCC_DYNAMIC_NO_PIC = NO;
				GCC_NO_COMMON_BLOCKS = YES;
				GCC_OPTIMIZATION_LEVEL = 0;
				GCC_PREPROCESSOR_DEFINITIONS = (
					"DEBUG=1",
					"$(inherited)",
				);
				GCC_WARN_64_TO_32_BIT_CONVERSION = YES;
				GCC_WARN_ABOUT_RETURN_TYPE = YES_ERROR;
				GCC_WARN_UNDECLARED_SELECTOR = YES;
				GCC_WARN_UNINITIALIZED_AUTOS = YES_AGGRESSIVE;
				GCC_WARN_UNUSED_FUNCTION = YES;
				GCC_WARN_UNUSED_VARIABLE = YES;
				IPHONEOS_DEPLOYMENT_TARGET = 17.0;
				LOCALIZATION_PREFERS_STRING_CATALOGS = YES;
				MTL_ENABLE_DEBUG_INFO = INCLUDE_SOURCE;
				MTL_FAST_MATH = YES;
				ONLY_ACTIVE_ARCH = YES;
				SDKROOT = iphoneos;
				SWIFT_ACTIVE_COMPILATION_CONDITIONS = "DEBUG $(inherited)";
				SWIFT_OPTIMIZATION_LEVEL = "-Onone";
			};
			name = Debug;
		};
		3E16238C2ACDE4E4006D6727 /* Release */ = {
			isa = XCBuildConfiguration;
			buildSettings = {
				ALWAYS_SEARCH_USER_PATHS = NO;
				ASSETCATALOG_COMPILER_GENERATE_SWIFT_ASSET_SYMBOL_EXTENSIONS = YES;
				CLANG_ANALYZER_NONNULL = YES;
				CLANG_ANALYZER_NUMBER_OBJECT_CONVERSION = YES_AGGRESSIVE;
				CLANG_CXX_LANGUAGE_STANDARD = "gnu++20";
				CLANG_ENABLE_MODULES = YES;
				CLANG_ENABLE_OBJC_ARC = YES;
				CLANG_ENABLE_OBJC_WEAK = YES;
				CLANG_WARN_BLOCK_CAPTURE_AUTORELEASING = YES;
				CLANG_WARN_BOOL_CONVERSION = YES;
				CLANG_WARN_COMMA = YES;
				CLANG_WARN_CONSTANT_CONVERSION = YES;
				CLANG_WARN_DEPRECATED_OBJC_IMPLEMENTATIONS = YES;
				CLANG_WARN_DIRECT_OBJC_ISA_USAGE = YES_ERROR;
				CLANG_WARN_DOCUMENTATION_COMMENTS = YES;
				CLANG_WARN_EMPTY_BODY = YES;
				CLANG_WARN_ENUM_CONVERSION = YES;
				CLANG_WARN_INFINITE_RECURSION = YES;
				CLANG_WARN_INT_CONVERSION = YES;
				CLANG_WARN_NON_LITERAL_NULL_CONVERSION = YES;
				CLANG_WARN_OBJC_IMPLICIT_RETAIN_SELF = YES;
				CLANG_WARN_OBJC_LITERAL_CONVERSION = YES;
				CLANG_WARN_OBJC_ROOT_CLASS = YES_ERROR;
				CLANG_WARN_QUOTED_INCLUDE_IN_FRAMEWORK_HEADER = YES;
				CLANG_WARN_RANGE_LOOP_ANALYSIS = YES;
				CLANG_WARN_STRICT_PROTOTYPES = YES;
				CLANG_WARN_SUSPICIOUS_MOVE = YES;
				CLANG_WARN_UNGUARDED_AVAILABILITY = YES_AGGRESSIVE;
				CLANG_WARN_UNREACHABLE_CODE = YES;
				CLANG_WARN__DUPLICATE_METHOD_MATCH = YES;
				COPY_PHASE_STRIP = NO;
				DEBUG_INFORMATION_FORMAT = "dwarf-with-dsym";
				ENABLE_NS_ASSERTIONS = NO;
				ENABLE_STRICT_OBJC_MSGSEND = YES;
				ENABLE_USER_SCRIPT_SANDBOXING = YES;
				GCC_C_LANGUAGE_STANDARD = gnu17;
				GCC_NO_COMMON_BLOCKS = YES;
				GCC_WARN_64_TO_32_BIT_CONVERSION = YES;
				GCC_WARN_ABOUT_RETURN_TYPE = YES_ERROR;
				GCC_WARN_UNDECLARED_SELECTOR = YES;
				GCC_WARN_UNINITIALIZED_AUTOS = YES_AGGRESSIVE;
				GCC_WARN_UNUSED_FUNCTION = YES;
				GCC_WARN_UNUSED_VARIABLE = YES;
				IPHONEOS_DEPLOYMENT_TARGET = 17.0;
				LOCALIZATION_PREFERS_STRING_CATALOGS = YES;
				MTL_ENABLE_DEBUG_INFO = NO;
				MTL_FAST_MATH = YES;
				SDKROOT = iphoneos;
				SWIFT_COMPILATION_MODE = wholemodule;
				VALIDATE_PRODUCT = YES;
			};
			name = Release;
		};
		3E16238E2ACDE4E4006D6727 /* Debug */ = {
			isa = XCBuildConfiguration;
			buildSettings = {
				ASSETCATALOG_COMPILER_APPICON_NAME = AppIcon;
				ASSETCATALOG_COMPILER_GLOBAL_ACCENT_COLOR_NAME = AccentColor;
				CODE_SIGN_STYLE = Automatic;
				CURRENT_PROJECT_VERSION = 1;
				DEVELOPMENT_TEAM = NP9SFSU59W;
				GENERATE_INFOPLIST_FILE = YES;
				INFOPLIST_FILE = SwiftDependencyInjection/Info.plist;
				INFOPLIST_KEY_UIApplicationSupportsIndirectInputEvents = YES;
				INFOPLIST_KEY_UILaunchStoryboardName = LaunchScreen;
				INFOPLIST_KEY_UIMainStoryboardFile = Main;
				INFOPLIST_KEY_UISupportedInterfaceOrientations_iPad = "UIInterfaceOrientationPortrait UIInterfaceOrientationPortraitUpsideDown UIInterfaceOrientationLandscapeLeft UIInterfaceOrientationLandscapeRight";
				INFOPLIST_KEY_UISupportedInterfaceOrientations_iPhone = "UIInterfaceOrientationPortrait UIInterfaceOrientationLandscapeLeft UIInterfaceOrientationLandscapeRight";
				LD_RUNPATH_SEARCH_PATHS = (
					"$(inherited)",
					"@executable_path/Frameworks",
				);
				MARKETING_VERSION = 1.0;
				PRODUCT_BUNDLE_IDENTIFIER = dev.onurbulut.SwiftDependencyInjection;
				PRODUCT_NAME = "$(TARGET_NAME)";
				SWIFT_EMIT_LOC_STRINGS = YES;
				SWIFT_VERSION = 5.0;
				TARGETED_DEVICE_FAMILY = "1,2";
			};
			name = Debug;
		};
		3E16238F2ACDE4E4006D6727 /* Release */ = {
			isa = XCBuildConfiguration;
			buildSettings = {
				ASSETCATALOG_COMPILER_APPICON_NAME = AppIcon;
				ASSETCATALOG_COMPILER_GLOBAL_ACCENT_COLOR_NAME = AccentColor;
				CODE_SIGN_STYLE = Automatic;
				CURRENT_PROJECT_VERSION = 1;
				DEVELOPMENT_TEAM = NP9SFSU59W;
				GENERATE_INFOPLIST_FILE = YES;
				INFOPLIST_FILE = SwiftDependencyInjection/Info.plist;
				INFOPLIST_KEY_UIApplicationSupportsIndirectInputEvents = YES;
				INFOPLIST_KEY_UILaunchStoryboardName = LaunchScreen;
				INFOPLIST_KEY_UIMainStoryboardFile = Main;
				INFOPLIST_KEY_UISupportedInterfaceOrientations_iPad = "UIInterfaceOrientationPortrait UIInterfaceOrientationPortraitUpsideDown UIInterfaceOrientationLandscapeLeft UIInterfaceOrientationLandscapeRight";
				INFOPLIST_KEY_UISupportedInterfaceOrientations_iPhone = "UIInterfaceOrientationPortrait UIInterfaceOrientationLandscapeLeft UIInterfaceOrientationLandscapeRight";
				LD_RUNPATH_SEARCH_PATHS = (
					"$(inherited)",
					"@executable_path/Frameworks",
				);
				MARKETING_VERSION = 1.0;
				PRODUCT_BUNDLE_IDENTIFIER = dev.onurbulut.SwiftDependencyInjection;
				PRODUCT_NAME = "$(TARGET_NAME)";
				SWIFT_EMIT_LOC_STRINGS = YES;
				SWIFT_VERSION = 5.0;
				TARGETED_DEVICE_FAMILY = "1,2";
			};
			name = Release;
		};
/* End XCBuildConfiguration section */

/* Begin XCConfigurationList section */
		3E1623742ACDE4E3006D6727 /* Build configuration list for PBXProject "SwiftDependencyInjection" */ = {
			isa = XCConfigurationList;
			buildConfigurations = (
				3E16238B2ACDE4E4006D6727 /* Debug */,
				3E16238C2ACDE4E4006D6727 /* Release */,
			);
			defaultConfigurationIsVisible = 0;
			defaultConfigurationName = Release;
		};
		3E16238D2ACDE4E4006D6727 /* Build configuration list for PBXNativeTarget "SwiftDependencyInjection" */ = {
			isa = XCConfigurationList;
			buildConfigurations = (
				3E16238E2ACDE4E4006D6727 /* Debug */,
				3E16238F2ACDE4E4006D6727 /* Release */,
			);
			defaultConfigurationIsVisible = 0;
			defaultConfigurationName = Release;
		};
/* End XCConfigurationList section */

/* Begin XCRemoteSwiftPackageReference section */
		3E1623902ACDE551006D6727 /* XCRemoteSwiftPackageReference "Swinject" */ = {
			isa = XCRemoteSwiftPackageReference;
			repositoryURL = "https://github.com/Swinject/Swinject.git";
			requirement = {
				kind = upToNextMajorVersion;
				minimumVersion = 2.8.4;
			};
		};
/* End XCRemoteSwiftPackageReference section */

/* Begin XCSwiftPackageProductDependency section */
		3E1623912ACDE551006D6727 /* Swinject */ = {
			isa = XCSwiftPackageProductDependency;
			package = 3E1623902ACDE551006D6727 /* XCRemoteSwiftPackageReference "Swinject" */;
			productName = Swinject;
		};
		3E1623932ACDE551006D6727 /* Swinject-Dynamic */ = {
			isa = XCSwiftPackageProductDependency;
			package = 3E1623902ACDE551006D6727 /* XCRemoteSwiftPackageReference "Swinject" */;
			productName = "Swinject-Dynamic";
		};
/* End XCSwiftPackageProductDependency section */
	};
	rootObject = 3E1623712ACDE4E3006D6727 /* Project object */;
}
